
Microsoft Visual Studio Solution File, Format Version 12.00
# Visual Studio 15
VisualStudioVersion = 15.0.26430.12
MinimumVisualStudioVersion = 10.0.40219.1
Project("{FAE04EC0-301F-11D3-BF4B-00C04F79EFBC}") = "Ex05.Logic", "Ex05.Logic\Ex05.Logic.csproj", "{A2A5BECA-375C-492E-81FD-044C74204930}"
EndProject
Project("{FAE04EC0-301F-11D3-BF4B-00C04F79EFBC}") = "Ex05.GUI", "Ex05.GUI\Ex05.GUI.csproj", "{1BC11A42-6883-46F7-91ED-1E3240B1A6A8}"
EndProject
Project("{2150E333-8FDC-42A3-9474-1A3956D46DE8}") = "Solution Items", "Solution Items", "{1C79E2A3-3F91-404E-A202-0114648C452A}"
	ProjectSection(SolutionItems) = preProject
		Checking Report.txt = Checking Report.txt
	EndProjectSection
EndProject
Global
	GlobalSection(SolutionConfigurationPlatforms) = preSolution
		Debug|Any CPU = Debug|Any CPU
		Release|Any CPU = Release|Any CPU
	EndGlobalSection
	GlobalSection(ProjectConfigurationPlatforms) = postSolution
		{A2A5BECA-375C-492E-81FD-044C74204930}.Debug|Any CPU.ActiveCfg = Debug|Any CPU
		{A2A5BECA-375C-492E-81FD-044C74204930}.Debug|Any CPU.Build.0 = Debug|Any CPU
		{A2A5BECA-375C-492E-81FD-044C74204930}.Release|Any CPU.ActiveCfg = Release|Any CPU
		{A2A5BECA-375C-492E-81FD-044C74204930}.Release|Any CPU.Build.0 = Release|Any CPU
		{1BC11A42-6883-46F7-91ED-1E3240B1A6A8}.Debug|Any CPU.ActiveCfg = Debug|Any CPU
		{1BC11A42-6883-46F7-91ED-1E3240B1A6A8}.Debug|Any CPU.Build.0 = Debug|Any CPU
		{1BC11A42-6883-46F7-91ED-1E3240B1A6A8}.Release|Any CPU.ActiveCfg = Release|Any CPU
		{1BC11A42-6883-46F7-91ED-1E3240B1A6A8}.Release|Any CPU.Build.0 = Release|Any CPU
	EndGlobalSection
	GlobalSection(SolutionProperties) = preSolution
		HideSolutionNode = FALSE
	EndGlobalSection
EndGlobal
